# THIS IS AN AUTOGENERATED FILE. DO NOT EDIT THIS FILE DIRECTLY.
# yarn lockfile v1


barecolor@1.0.1:
  version "1.0.1"
  resolved "https://registry.yarnpkg.com/barecolor/-/barecolor-1.0.1.tgz#1bbbbfc41cedecf74e23fb7d9d054cd8763d92cc"
  integrity sha512-ncJ680U+r1CGBt73L3O6V9GIAPy3hbDmWODEQajwEnDmmzeStvc4UYhapUSxUpS76+MHxyRihzZfwhyl122Zdw==

baretest@^2.0.0:
  version "2.0.0"
  resolved "https://registry.yarnpkg.com/baretest/-/baretest-2.0.0.tgz#5791667b47329c452e1f9bade879ab8dc0b304ba"
  integrity sha512-hRmYnBojeijT3jH0GtqLoHus+adPoeYh2NmcNT3wBPH903AUphcFqs1gJ64fBovDXql51Df24g9D9jcXRZd4vA==
  dependencies:
    barecolor "1.0.1"

"lib-actors@https://github.com/coding-stones/lib-actor.git":
  version "1.0.1"
  resolved "https://github.com/coding-stones/lib-actor.git#6bbe33648d84b7075f6041aaa8ca4cd58f7a4525"

"lib-fifo@https://github.com/coding-stones/lib-fifo.git":
  version "1.0.0"
  resolved "https://github.com/coding-stones/lib-fifo.git#0ff6cf7203c41c12dd31b7b3f9ac1ea173717b18"

"lib-priority-queue@https://github.com/coding-stones/lib-priority-queue.git":
  version "1.0.0"
  resolved "https://github.com/coding-stones/lib-priority-queue.git#725dc682a7669cc8228970b9c57898af22562870"
